
Microsoft Visual Studio Solution File, Format Version 12.00
# Visual Studio 15
VisualStudioVersion = 15.0.28307.329
MinimumVisualStudioVersion = 10.0.40219.1
Project("{FAE04EC0-301F-11D3-BF4B-00C04F79EFBC}") = "MVCfood", "MVCfood\MVCfood.csproj", "{77F1FE95-4534-49FF-ACCA-E131E4249B44}"
EndProject
Global
	GlobalSection(SolutionConfigurationPlatforms) = preSolution
		Debug|Any CPU = Debug|Any CPU
		Release|Any CPU = Release|Any CPU
	EndGlobalSection
	GlobalSection(ProjectConfigurationPlatforms) = postSolution
		{77F1FE95-4534-49FF-ACCA-E131E4249B44}.Debug|Any CPU.ActiveCfg = Debug|Any CPU
		{77F1FE95-4534-49FF-ACCA-E131E4249B44}.Debug|Any CPU.Build.0 = Debug|Any CPU
		{77F1FE95-4534-49FF-ACCA-E131E4249B44}.Release|Any CPU.ActiveCfg = Release|Any CPU
		{77F1FE95-4534-49FF-ACCA-E131E4249B44}.Release|Any CPU.Build.0 = Release|Any CPU
	EndGlobalSection
	GlobalSection(SolutionProperties) = preSolution
		HideSolutionNode = FALSE
	EndGlobalSection
	GlobalSection(ExtensibilityGlobals) = postSolution
		SolutionGuid = {12813ED7-7AA8-4C13-BB14-4A0052FB9A55}
	EndGlobalSection
EndGlobal
